
Microsoft Visual Studio Solution File, Format Version 12.00
# Visual Studio Version 16
VisualStudioVersion = 16.0.30804.86
MinimumVisualStudioVersion = 10.0.40219.1
Project("{FAE04EC0-301F-11D3-BF4B-00C04F79EFBC}") = "StringLibrary", "StringLibrary\StringLibrary.csproj", "{80EC1EDD-987C-4E64-8E16-36E140234E45}"
EndProject
Project("{FAE04EC0-301F-11D3-BF4B-00C04F79EFBC}") = "ShowCase", "ShowCase\ShowCase.csproj", "{89DAC37C-316B-45D7-B2ED-59B8C01FBC92}"
EndProject
Project("{FAE04EC0-301F-11D3-BF4B-00C04F79EFBC}") = "StringLibraryTest", "StringLibraryTest\StringLibraryTest.csproj", "{9EF924A9-0D8E-42A3-AF5B-95E37322DB74}"
EndProject
Global
	GlobalSection(SolutionConfigurationPlatforms) = preSolution
		Debug|Any CPU = Debug|Any CPU
		Release|Any CPU = Release|Any CPU
	EndGlobalSection
	GlobalSection(ProjectConfigurationPlatforms) = postSolution
		{80EC1EDD-987C-4E64-8E16-36E140234E45}.Debug|Any CPU.ActiveCfg = Debug|Any CPU
		{80EC1EDD-987C-4E64-8E16-36E140234E45}.Debug|Any CPU.Build.0 = Debug|Any CPU
		{80EC1EDD-987C-4E64-8E16-36E140234E45}.Release|Any CPU.ActiveCfg = Release|Any CPU
		{80EC1EDD-987C-4E64-8E16-36E140234E45}.Release|Any CPU.Build.0 = Release|Any CPU
		{89DAC37C-316B-45D7-B2ED-59B8C01FBC92}.Debug|Any CPU.ActiveCfg = Debug|Any CPU
		{89DAC37C-316B-45D7-B2ED-59B8C01FBC92}.Debug|Any CPU.Build.0 = Debug|Any CPU
		{89DAC37C-316B-45D7-B2ED-59B8C01FBC92}.Release|Any CPU.ActiveCfg = Release|Any CPU
		{89DAC37C-316B-45D7-B2ED-59B8C01FBC92}.Release|Any CPU.Build.0 = Release|Any CPU
		{9EF924A9-0D8E-42A3-AF5B-95E37322DB74}.Debug|Any CPU.ActiveCfg = Debug|Any CPU
		{9EF924A9-0D8E-42A3-AF5B-95E37322DB74}.Debug|Any CPU.Build.0 = Debug|Any CPU
		{9EF924A9-0D8E-42A3-AF5B-95E37322DB74}.Release|Any CPU.ActiveCfg = Release|Any CPU
		{9EF924A9-0D8E-42A3-AF5B-95E37322DB74}.Release|Any CPU.Build.0 = Release|Any CPU
	EndGlobalSection
	GlobalSection(SolutionProperties) = preSolution
		HideSolutionNode = FALSE
	EndGlobalSection
	GlobalSection(ExtensibilityGlobals) = postSolution
		SolutionGuid = {0ADFFF38-6886-4187-85A8-74A67A33F817}
	EndGlobalSection
EndGlobal
